
Microsoft Visual Studio Solution File, Format Version 12.00
# Visual Studio Version 16
VisualStudioVersion = 16.0.29926.136
MinimumVisualStudioVersion = 10.0.40219.1
Project("{FAE04EC0-301F-11D3-BF4B-00C04F79EFBC}") = "HttpClientSample", "HttpClientSample\HttpClientSample.csproj", "{2DD0B4D6-37ED-4D51-93D9-3F4982852F7B}"
EndProject
Global
	GlobalSection(SolutionConfigurationPlatforms) = preSolution
		Debug|Any CPU = Debug|Any CPU
		Release|Any CPU = Release|Any CPU
	EndGlobalSection
	GlobalSection(ProjectConfigurationPlatforms) = postSolution
		{2DD0B4D6-37ED-4D51-93D9-3F4982852F7B}.Debug|Any CPU.ActiveCfg = Debug|Any CPU
		{2DD0B4D6-37ED-4D51-93D9-3F4982852F7B}.Debug|Any CPU.Build.0 = Debug|Any CPU
		{2DD0B4D6-37ED-4D51-93D9-3F4982852F7B}.Release|Any CPU.ActiveCfg = Release|Any CPU
		{2DD0B4D6-37ED-4D51-93D9-3F4982852F7B}.Release|Any CPU.Build.0 = Release|Any CPU
	EndGlobalSection
	GlobalSection(SolutionProperties) = preSolution
		HideSolutionNode = FALSE
	EndGlobalSection
	GlobalSection(ExtensibilityGlobals) = postSolution
		SolutionGuid = {C5AF9F71-FF9E-4413-947E-8784E7F6FD67}
	EndGlobalSection
EndGlobal
